{
    "name": "h5-cryptum-markup-parser",
    "version": "0.0.1",
    "lockfileVersion": 1,
    "requires": true,
    "dependencies": {
        "argv": {
            "version": "0.0.2",
            "resolved": "https://registry.npmjs.org/argv/-/argv-0.0.2.tgz",
            "integrity": "sha1-7L0W+JSbFXGDcRsb2jNPN4QBhas="
        },
        "buffer-indexof": {
            "version": "1.1.0",
            "resolved": "https://registry.npmjs.org/buffer-indexof/-/buffer-indexof-1.1.0.tgz",
            "integrity": "sha1-9U9kfE9OJSKLqmVqLlfkPV8nCYI="
        },
        "buffer-split": {
            "version": "1.0.0",
            "resolved": "https://registry.npmjs.org/buffer-split/-/buffer-split-1.0.0.tgz",
            "integrity": "sha1-RCfb/1NzG2HXpxq6R/UDOWYTeEo=",
            "requires": {
                "buffer-indexof": "0.0.2"
            },
            "dependencies": {
                "buffer-indexof": {
                    "version": "0.0.2",
                    "resolved": "https://registry.npmjs.org/buffer-indexof/-/buffer-indexof-0.0.2.tgz",
                    "integrity": "sha1-7Q82t64WamanzRdMBGeuje3wCPU="
                }
            }
        }
    }
}
